
Microsoft Visual Studio Solution File, Format Version 12.00
# Visual Studio Version 16
VisualStudioVersion = 16.0.30011.22
MinimumVisualStudioVersion = 10.0.40219.1
Project("{9A19103F-16F7-4668-BE54-9A1E7A4F7556}") = "LinqSamples", "LinqSamples\LinqSamples.csproj", "{3B14C195-45E9-4970-9255-F2DDB30518F7}"
EndProject
Project("{2150E333-8FDC-42A3-9474-1A3956D46DE8}") = "Solution Items", "Solution Items", "{5E13CD05-B782-41FC-9E32-3497BE28EE19}"
	ProjectSection(SolutionItems) = preProject
		..\..\..\Downloads\582e9c044eee5882d54a6e5997c0be52-1c6cd2fe0bda9c63178fda1f313370479ff0bc8a\582e9c044eee5882d54a6e5997c0be52-1c6cd2fe0bda9c63178fda1f313370479ff0bc8a\manufacturers.csv = ..\..\..\Downloads\582e9c044eee5882d54a6e5997c0be52-1c6cd2fe0bda9c63178fda1f313370479ff0bc8a\582e9c044eee5882d54a6e5997c0be52-1c6cd2fe0bda9c63178fda1f313370479ff0bc8a\manufacturers.csv
	EndProjectSection
EndProject
Project("{9A19103F-16F7-4668-BE54-9A1E7A4F7556}") = "POCO", "POJO\POCO.csproj", "{A1AD1F42-16EF-4DCB-9EE7-D453694EFE41}"
EndProject
Global
	GlobalSection(SolutionConfigurationPlatforms) = preSolution
		Debug|Any CPU = Debug|Any CPU
		Release|Any CPU = Release|Any CPU
	EndGlobalSection
	GlobalSection(ProjectConfigurationPlatforms) = postSolution
		{3B14C195-45E9-4970-9255-F2DDB30518F7}.Debug|Any CPU.ActiveCfg = Debug|Any CPU
		{3B14C195-45E9-4970-9255-F2DDB30518F7}.Debug|Any CPU.Build.0 = Debug|Any CPU
		{3B14C195-45E9-4970-9255-F2DDB30518F7}.Release|Any CPU.ActiveCfg = Release|Any CPU
		{3B14C195-45E9-4970-9255-F2DDB30518F7}.Release|Any CPU.Build.0 = Release|Any CPU
		{A1AD1F42-16EF-4DCB-9EE7-D453694EFE41}.Debug|Any CPU.ActiveCfg = Debug|Any CPU
		{A1AD1F42-16EF-4DCB-9EE7-D453694EFE41}.Debug|Any CPU.Build.0 = Debug|Any CPU
		{A1AD1F42-16EF-4DCB-9EE7-D453694EFE41}.Release|Any CPU.ActiveCfg = Release|Any CPU
		{A1AD1F42-16EF-4DCB-9EE7-D453694EFE41}.Release|Any CPU.Build.0 = Release|Any CPU
	EndGlobalSection
	GlobalSection(SolutionProperties) = preSolution
		HideSolutionNode = FALSE
	EndGlobalSection
	GlobalSection(ExtensibilityGlobals) = postSolution
		SolutionGuid = {3282B94B-AB9C-49B4-A3AA-6498BCE3D0A7}
	EndGlobalSection
EndGlobal
